// !$*UTF8*$!
{
	archiveVersion = 1;
	classes = {
	};
	objectVersion = 46;
	objects = {

/* Begin PBXBuildFile section */
		467D2B361DA24CF400DAC506 /* CalculatorModel.swift in Sources */ = {isa = PBXBuildFile; fileRef = 467D2B351DA24CF400DAC506 /* CalculatorModel.swift */; };
		46964B841D904ED9000E95E9 /* AppDelegate.swift in Sources */ = {isa = PBXBuildFile; fileRef = 46964B831D904ED8000E95E9 /* AppDelegate.swift */; };
		46964B861D904ED9000E95E9 /* CalculatorViewController.swift in Sources */ = {isa = PBXBuildFile; fileRef = 46964B851D904ED9000E95E9 /* CalculatorViewController.swift */; };
		46964B891D904ED9000E95E9 /* Main.storyboard in Resources */ = {isa = PBXBuildFile; fileRef = 46964B871D904ED9000E95E9 /* Main.storyboard */; };
		46964B8B1D904ED9000E95E9 /* Assets.xcassets in Resources */ = {isa = PBXBuildFile; fileRef = 46964B8A1D904ED9000E95E9 /* Assets.xcassets */; };
		46964B8E1D904ED9000E95E9 /* LaunchScreen.storyboard in Resources */ = {isa = PBXBuildFile; fileRef = 46964B8C1D904ED9000E95E9 /* LaunchScreen.storyboard */; };
/* End PBXBuildFile section */

/* Begin PBXFileReference section */
		467D2B351DA24CF400DAC506 /* CalculatorModel.swift */ = {isa = PBXFileReference; fileEncoding = 4; lastKnownFileType = sourcecode.swift; path = CalculatorModel.swift; sourceTree = "<group>"; };
		46964B801D904ED8000E95E9 /* CalculatorDemo.app */ = {isa = PBXFileReference; explicitFileType = wrapper.application; includeInIndex = 0; path = CalculatorDemo.app; sourceTree = BUILT_PRODUCTS_DIR; };
		46964B831D904ED8000E95E9 /* AppDelegate.swift */ = {isa = PBXFileReference; lastKnownFileType = sourcecode.swift; path = AppDelegate.swift; sourceTree = "<group>"; };
		46964B851D904ED9000E95E9 /* CalculatorViewController.swift */ = {isa = PBXFileReference; lastKnownFileType = sourcecode.swift; path = CalculatorViewController.swift; sourceTree = "<group>"; };
		46964B881D904ED9000E95E9 /* Base */ = {isa = PBXFileReference; lastKnownFileType = file.storyboard; name = Base; path = Base.lproj/Main.storyboard; sourceTree = "<group>"; };
		46964B8A1D904ED9000E95E9 /* Assets.xcassets */ = {isa = PBXFileReference; lastKnownFileType = folder.assetcatalog; path = Assets.xcassets; sourceTree = "<group>"; };
		46964B8D1D904ED9000E95E9 /* Base */ = {isa = PBXFileReference; lastKnownFileType = file.storyboard; name = Base; path = Base.lproj/LaunchScreen.storyboard; sourceTree = "<group>"; };
		46964B8F1D904ED9000E95E9 /* Info.plist */ = {isa = PBXFileReference; lastKnownFileType = text.plist.xml; path = Info.plist; sourceTree = "<group>"; };
/* End PBXFileReference section */

/* Begin PBXFrameworksBuildPhase section */
		46964B7D1D904ED8000E95E9 /* Frameworks */ = {
			isa = PBXFrameworksBuildPhase;
			buildActionMask = 2147483647;
			files = (
			);
			runOnlyForDeploymentPostprocessing = 0;
		};
/* End PBXFrameworksBuildPhase section */

/* Begin PBXGroup section */
		46964B771D904ED8000E95E9 = {
			isa = PBXGroup;
			children = (
				46964B821D904ED8000E95E9 /* CalculatorDemo */,
				46964B811D904ED8000E95E9 /* Products */,
			);
			sourceTree = "<group>";
		};
		46964B811D904ED8000E95E9 /* Products */ = {
			isa = PBXGroup;
			children = (
				46964B801D904ED8000E95E9 /* CalculatorDemo.app */,
			);
			name = Products;
			sourceTree = "<group>";
		};
		46964B821D904ED8000E95E9 /* CalculatorDemo */ = {
			isa = PBXGroup;
			children = (
				46964B831D904ED8000E95E9 /* AppDelegate.swift */,
				46964B851D904ED9000E95E9 /* CalculatorViewController.swift */,
				46964B871D904ED9000E95E9 /* Main.storyboard */,
				46964B8A1D904ED9000E95E9 /* Assets.xcassets */,
				46964B8C1D904ED9000E95E9 /* LaunchScreen.storyboard */,
				46964B8F1D904ED9000E95E9 /* Info.plist */,
				467D2B351DA24CF400DAC506 /* CalculatorModel.swift */,
			);
			path = CalculatorDemo;
			sourceTree = "<group>";
		};
/* End PBXGroup section */

/* Begin PBXNativeTarget section */
		46964B7F1D904ED8000E95E9 /* CalculatorDemo */ = {
			isa = PBXNativeTarget;
			buildConfigurationList = 46964B921D904ED9000E95E9 /* Build configuration list for PBXNativeTarget "CalculatorDemo" */;
			buildPhases = (
				46964B7C1D904ED8000E95E9 /* Sources */,
				46964B7D1D904ED8000E95E9 /* Frameworks */,
				46964B7E1D904ED8000E95E9 /* Resources */,
			);
			buildRules = (
			);
			dependencies = (
			);
			name = CalculatorDemo;
			productName = CalculatorDemo;
			productReference = 46964B801D904ED8000E95E9 /* CalculatorDemo.app */;
			productType = "com.apple.product-type.application";
		};
/* End PBXNativeTarget section */

/* Begin PBXProject section */
		46964B781D904ED8000E95E9 /* Project object */ = {
			isa = PBXProject;
			attributes = {
				LastSwiftUpdateCheck = 0800;
				LastUpgradeCheck = 0800;
				ORGANIZATIONNAME = "Иван Недзвецкий";
				TargetAttributes = {
					46964B7F1D904ED8000E95E9 = {
						CreatedOnToolsVersion = 8.0;
						DevelopmentTeam = S6AGNA9TAB;
						ProvisioningStyle = Automatic;
					};
				};
			};
			buildConfigurationList = 46964B7B1D904ED8000E95E9 /* Build configuration list for PBXProject "CalculatorDemo" */;
			compatibilityVersion = "Xcode 3.2";
			developmentRegion = English;
			hasScannedForEncodings = 0;
			knownRegions = (
				en,
				Base,
			);
			mainGroup = 46964B771D904ED8000E95E9;
			productRefGroup = 46964B811D904ED8000E95E9 /* Products */;
			projectDirPath = "";
			projectRoot = "";
			targets = (
				46964B7F1D904ED8000E95E9 /* CalculatorDemo */,
			);
		};
/* End PBXProject section */

/* Begin PBXResourcesBuildPhase section */
		46964B7E1D904ED8000E95E9 /* Resources */ = {
			isa = PBXResourcesBuildPhase;
			buildActionMask = 2147483647;
			files = (
				46964B8E1D904ED9000E95E9 /* LaunchScreen.storyboard in Resources */,
				46964B8B1D904ED9000E95E9 /* Assets.xcassets in Resources */,
				46964B891D904ED9000E95E9 /* Main.storyboard in Resources */,
			);
			runOnlyForDeploymentPostprocessing = 0;
		};
/* End PBXResourcesBuildPhase section */

/* Begin PBXSourcesBuildPhase section */
		46964B7C1D904ED8000E95E9 /* Sources */ = {
			isa = PBXSourcesBuildPhase;
			buildActionMask = 2147483647;
			files = (
				467D2B361DA24CF400DAC506 /* CalculatorModel.swift in Sources */,
				46964B861D904ED9000E95E9 /* CalculatorViewController.swift in Sources */,
				46964B841D904ED9000E95E9 /* AppDelegate.swift in Sources */,
			);
			runOnlyForDeploymentPostprocessing = 0;
		};
/* End PBXSourcesBuildPhase section */

/* Begin PBXVariantGroup section */
		46964B871D904ED9000E95E9 /* Main.storyboard */ = {
			isa = PBXVariantGroup;
			children = (
				46964B881D904ED9000E95E9 /* Base */,
			);
			name = Main.storyboard;
			sourceTree = "<group>";
		};
		46964B8C1D904ED9000E95E9 /* LaunchScreen.storyboard */ = {
			isa = PBXVariantGroup;
			children = (
				46964B8D1D904ED9000E95E9 /* Base */,
			);
			name = LaunchScreen.storyboard;
			sourceTree = "<group>";
		};
/* End PBXVariantGroup section */

/* Begin XCBuildConfiguration section */
		46964B901D904ED9000E95E9 /* Debug */ = {
			isa = XCBuildConfiguration;
			buildSettings = {
				ALWAYS_SEARCH_USER_PATHS = NO;
				CLANG_ANALYZER_NONNULL = YES;
				CLANG_CXX_LANGUAGE_STANDARD = "gnu++0x";
				CLANG_CXX_LIBRARY = "libc++";
				CLANG_ENABLE_MODULES = YES;
				CLANG_ENABLE_OBJC_ARC = YES;
				CLANG_WARN_BOOL_CONVERSION = YES;
				CLANG_WARN_CONSTANT_CONVERSION = YES;
				CLANG_WARN_DIRECT_OBJC_ISA_USAGE = YES_ERROR;
				CLANG_WARN_DOCUMENTATION_COMMENTS = YES;
				CLANG_WARN_EMPTY_BODY = YES;
				CLANG_WARN_ENUM_CONVERSION = YES;
				CLANG_WARN_INFINITE_RECURSION = YES;
				CLANG_WARN_INT_CONVERSION = YES;
				CLANG_WARN_OBJC_ROOT_CLASS = YES_ERROR;
				CLANG_WARN_SUSPICIOUS_MOVES = YES;
				CLANG_WARN_UNREACHABLE_CODE = YES;
				CLANG_WARN__DUPLICATE_METHOD_MATCH = YES;
				"CODE_SIGN_IDENTITY[sdk=iphoneos*]" = "iPhone Developer";
				COPY_PHASE_STRIP = NO;
				DEBUG_INFORMATION_FORMAT = dwarf;
				ENABLE_STRICT_OBJC_MSGSEND = YES;
				ENABLE_TESTABILITY = YES;
				GCC_C_LANGUAGE_STANDARD = gnu99;
				GCC_DYNAMIC_NO_PIC = NO;
				GCC_NO_COMMON_BLOCKS = YES;
				GCC_OPTIMIZATION_LEVEL = 0;
				GCC_PREPROCESSOR_DEFINITIONS = (
					"DEBUG=1",
					"$(inherited)",
				);
				GCC_WARN_64_TO_32_BIT_CONVERSION = YES;
				GCC_WARN_ABOUT_RETURN_TYPE = YES_ERROR;
				GCC_WARN_UNDECLARED_SELECTOR = YES;
				GCC_WARN_UNINITIALIZED_AUTOS = YES_AGGRESSIVE;
				GCC_WARN_UNUSED_FUNCTION = YES;
				GCC_WARN_UNUSED_VARIABLE = YES;
				IPHONEOS_DEPLOYMENT_TARGET = 10.0;
				MTL_ENABLE_DEBUG_INFO = YES;
				ONLY_ACTIVE_ARCH = YES;
				SDKROOT = iphoneos;
				SWIFT_ACTIVE_COMPILATION_CONDITIONS = DEBUG;
				SWIFT_OPTIMIZATION_LEVEL = "-Onone";
				TARGETED_DEVICE_FAMILY = "1,2";
			};
			name = Debug;
		};
		46964B911D904ED9000E95E9 /* Release */ = {
			isa = XCBuildConfiguration;
			buildSettings = {
				ALWAYS_SEARCH_USER_PATHS = NO;
				CLANG_ANALYZER_NONNULL = YES;
				CLANG_CXX_LANGUAGE_STANDARD = "gnu++0x";
				CLANG_CXX_LIBRARY = "libc++";
				CLANG_ENABLE_MODULES = YES;
				CLANG_ENABLE_OBJC_ARC = YES;
				CLANG_WARN_BOOL_CONVERSION = YES;
				CLANG_WARN_CONSTANT_CONVERSION = YES;
				CLANG_WARN_DIRECT_OBJC_ISA_USAGE = YES_ERROR;
				CLANG_WARN_DOCUMENTATION_COMMENTS = YES;
				CLANG_WARN_EMPTY_BODY = YES;
				CLANG_WARN_ENUM_CONVERSION = YES;
				CLANG_WARN_INFINITE_RECURSION = YES;
				CLANG_WARN_INT_CONVERSION = YES;
				CLANG_WARN_OBJC_ROOT_CLASS = YES_ERROR;
				CLANG_WARN_SUSPICIOUS_MOVES = YES;
				CLANG_WARN_UNREACHABLE_CODE = YES;
				CLANG_WARN__DUPLICATE_METHOD_MATCH = YES;
				"CODE_SIGN_IDENTITY[sdk=iphoneos*]" = "iPhone Developer";
				COPY_PHASE_STRIP = NO;
				DEBUG_INFORMATION_FORMAT = "dwarf-with-dsym";
				ENABLE_NS_ASSERTIONS = NO;
				ENABLE_STRICT_OBJC_MSGSEND = YES;
				GCC_C_LANGUAGE_STANDARD = gnu99;
				GCC_NO_COMMON_BLOCKS = YES;
				GCC_WARN_64_TO_32_BIT_CONVERSION = YES;
				GCC_WARN_ABOUT_RETURN_TYPE = YES_ERROR;
				GCC_WARN_UNDECLARED_SELECTOR = YES;
				GCC_WARN_UNINITIALIZED_AUTOS = YES_AGGRESSIVE;
				GCC_WARN_UNUSED_FUNCTION = YES;
				GCC_WARN_UNUSED_VARIABLE = YES;
				IPHONEOS_DEPLOYMENT_TARGET = 10.0;
				MTL_ENABLE_DEBUG_INFO = NO;
				SDKROOT = iphoneos;
				SWIFT_OPTIMIZATION_LEVEL = "-Owholemodule";
				TARGETED_DEVICE_FAMILY = "1,2";
				VALIDATE_PRODUCT = YES;
			};
			name = Release;
		};
		46964B931D904ED9000E95E9 /* Debug */ = {
			isa = XCBuildConfiguration;
			buildSettings = {
				ASSETCATALOG_COMPILER_APPICON_NAME = AppIcon;
				DEVELOPMENT_TEAM = S6AGNA9TAB;
				INFOPLIST_FILE = CalculatorDemo/Info.plist;
				LD_RUNPATH_SEARCH_PATHS = "$(inherited) @executable_path/Frameworks";
				PRODUCT_BUNDLE_IDENTIFIER = "com.hh-develop.CalculatorDemo";
				PRODUCT_NAME = "$(TARGET_NAME)";
				SWIFT_VERSION = 3.0;
			};
			name = Debug;
		};
		46964B941D904ED9000E95E9 /* Release */ = {
			isa = XCBuildConfiguration;
			buildSettings = {
				ASSETCATALOG_COMPILER_APPICON_NAME = AppIcon;
				DEVELOPMENT_TEAM = S6AGNA9TAB;
				INFOPLIST_FILE = CalculatorDemo/Info.plist;
				LD_RUNPATH_SEARCH_PATHS = "$(inherited) @executable_path/Frameworks";
				PRODUCT_BUNDLE_IDENTIFIER = "com.hh-develop.CalculatorDemo";
				PRODUCT_NAME = "$(TARGET_NAME)";
				SWIFT_VERSION = 3.0;
			};
			name = Release;
		};
/* End XCBuildConfiguration section */

/* Begin XCConfigurationList section */
		46964B7B1D904ED8000E95E9 /* Build configuration list for PBXProject "CalculatorDemo" */ = {
			isa = XCConfigurationList;
			buildConfigurations = (
				46964B901D904ED9000E95E9 /* Debug */,
				46964B911D904ED9000E95E9 /* Release */,
			);
			defaultConfigurationIsVisible = 0;
			defaultConfigurationName = Release;
		};
		46964B921D904ED9000E95E9 /* Build configuration list for PBXNativeTarget "CalculatorDemo" */ = {
			isa = XCConfigurationList;
			buildConfigurations = (
				46964B931D904ED9000E95E9 /* Debug */,
				46964B941D904ED9000E95E9 /* Release */,
			);
			defaultConfigurationIsVisible = 0;
			defaultConfigurationName = Release;
		};
/* End XCConfigurationList section */
	};
	rootObject = 46964B781D904ED8000E95E9 /* Project object */;
}
